
Microsoft Visual Studio Solution File, Format Version 12.00
# Visual Studio Version 17
VisualStudioVersion = 17.7.34202.233
MinimumVisualStudioVersion = 10.0.40219.1
Project("{FAE04EC0-301F-11D3-BF4B-00C04F79EFBC}") = "IDGS901_API_Balones", "IDGS901_API_Balones\IDGS901_API_Balones.csproj", "{D462AE68-63D2-49D8-9D8C-C51457F7A19D}"
EndProject
Global
	GlobalSection(SolutionConfigurationPlatforms) = preSolution
		Debug|Any CPU = Debug|Any CPU
		Release|Any CPU = Release|Any CPU
	EndGlobalSection
	GlobalSection(ProjectConfigurationPlatforms) = postSolution
		{D462AE68-63D2-49D8-9D8C-C51457F7A19D}.Debug|Any CPU.ActiveCfg = Debug|Any CPU
		{D462AE68-63D2-49D8-9D8C-C51457F7A19D}.Debug|Any CPU.Build.0 = Debug|Any CPU
		{D462AE68-63D2-49D8-9D8C-C51457F7A19D}.Release|Any CPU.ActiveCfg = Release|Any CPU
		{D462AE68-63D2-49D8-9D8C-C51457F7A19D}.Release|Any CPU.Build.0 = Release|Any CPU
	EndGlobalSection
	GlobalSection(SolutionProperties) = preSolution
		HideSolutionNode = FALSE
	EndGlobalSection
	GlobalSection(ExtensibilityGlobals) = postSolution
		SolutionGuid = {01D4BDD1-0513-4F34-B045-D99A9F5D5DA8}
	EndGlobalSection
EndGlobal
